
Microsoft Visual Studio Solution File, Format Version 12.00
# Visual Studio Version 16
VisualStudioVersion = 16.0.30907.101
MinimumVisualStudioVersion = 10.0.40219.1
Project("{FAE04EC0-301F-11D3-BF4B-00C04F79EFBC}") = "pc1", "pc1\pc1.csproj", "{79EC514D-A639-4149-B235-81427B94407F}"
EndProject
Project("{FAE04EC0-301F-11D3-BF4B-00C04F79EFBC}") = "pc2", "pc2\pc2.csproj", "{26B5A26C-55D8-46AA-9BC4-170503D7383D}"
EndProject
Project("{FAE04EC0-301F-11D3-BF4B-00C04F79EFBC}") = "factorial", "factorial\factorial.csproj", "{67E8D261-1E10-4C4F-AF03-1A56E6A893EA}"
EndProject
Project("{FAE04EC0-301F-11D3-BF4B-00C04F79EFBC}") = "pc3", "pc3\pc3.csproj", "{BE0D94CF-7A31-4B39-ABB5-3DE82F6D2CB1}"
EndProject
Project("{FAE04EC0-301F-11D3-BF4B-00C04F79EFBC}") = "pc4", "pc4\pc4.csproj", "{23387F4D-51A5-4102-9044-12DCDB6BE225}"
EndProject
Global
	GlobalSection(SolutionConfigurationPlatforms) = preSolution
		Debug|Any CPU = Debug|Any CPU
		Release|Any CPU = Release|Any CPU
	EndGlobalSection
	GlobalSection(ProjectConfigurationPlatforms) = postSolution
		{79EC514D-A639-4149-B235-81427B94407F}.Debug|Any CPU.ActiveCfg = Debug|Any CPU
		{79EC514D-A639-4149-B235-81427B94407F}.Debug|Any CPU.Build.0 = Debug|Any CPU
		{79EC514D-A639-4149-B235-81427B94407F}.Release|Any CPU.ActiveCfg = Release|Any CPU
		{79EC514D-A639-4149-B235-81427B94407F}.Release|Any CPU.Build.0 = Release|Any CPU
		{26B5A26C-55D8-46AA-9BC4-170503D7383D}.Debug|Any CPU.ActiveCfg = Debug|Any CPU
		{26B5A26C-55D8-46AA-9BC4-170503D7383D}.Debug|Any CPU.Build.0 = Debug|Any CPU
		{26B5A26C-55D8-46AA-9BC4-170503D7383D}.Release|Any CPU.ActiveCfg = Release|Any CPU
		{26B5A26C-55D8-46AA-9BC4-170503D7383D}.Release|Any CPU.Build.0 = Release|Any CPU
		{67E8D261-1E10-4C4F-AF03-1A56E6A893EA}.Debug|Any CPU.ActiveCfg = Debug|Any CPU
		{67E8D261-1E10-4C4F-AF03-1A56E6A893EA}.Debug|Any CPU.Build.0 = Debug|Any CPU
		{67E8D261-1E10-4C4F-AF03-1A56E6A893EA}.Release|Any CPU.ActiveCfg = Release|Any CPU
		{67E8D261-1E10-4C4F-AF03-1A56E6A893EA}.Release|Any CPU.Build.0 = Release|Any CPU
		{BE0D94CF-7A31-4B39-ABB5-3DE82F6D2CB1}.Debug|Any CPU.ActiveCfg = Debug|Any CPU
		{BE0D94CF-7A31-4B39-ABB5-3DE82F6D2CB1}.Debug|Any CPU.Build.0 = Debug|Any CPU
		{BE0D94CF-7A31-4B39-ABB5-3DE82F6D2CB1}.Release|Any CPU.ActiveCfg = Release|Any CPU
		{BE0D94CF-7A31-4B39-ABB5-3DE82F6D2CB1}.Release|Any CPU.Build.0 = Release|Any CPU
		{23387F4D-51A5-4102-9044-12DCDB6BE225}.Debug|Any CPU.ActiveCfg = Debug|Any CPU
		{23387F4D-51A5-4102-9044-12DCDB6BE225}.Debug|Any CPU.Build.0 = Debug|Any CPU
		{23387F4D-51A5-4102-9044-12DCDB6BE225}.Release|Any CPU.ActiveCfg = Release|Any CPU
		{23387F4D-51A5-4102-9044-12DCDB6BE225}.Release|Any CPU.Build.0 = Release|Any CPU
	EndGlobalSection
	GlobalSection(SolutionProperties) = preSolution
		HideSolutionNode = FALSE
	EndGlobalSection
	GlobalSection(ExtensibilityGlobals) = postSolution
		SolutionGuid = {8B5A8A77-A516-42D8-98AE-5979CAC4A448}
	EndGlobalSection
EndGlobal
